
Microsoft Visual Studio Solution File, Format Version 12.00
# Visual Studio Version 16
VisualStudioVersion = 16.0.28803.156
MinimumVisualStudioVersion = 10.0.40219.1
Project("{2150E333-8FDC-42A3-9474-1A3956D46DE8}") = "01_Pixels", "01_Pixels", "{5BACA4D2-50DD-404A-840F-A674314E3242}"
EndProject
Project("{9A19103F-16F7-4668-BE54-9A1E7A4F7556}") = "ThosoImage", "ThosoImage\ThosoImage.csproj", "{9F6BEE93-C0B6-4A55-88A6-B6DD1CDAEF04}"
EndProject
Project("{FAE04EC0-301F-11D3-BF4B-00C04F79EFBC}") = "LibraryTestConsole", "LibraryTestConsole\LibraryTestConsole.csproj", "{4FAB9D38-EB02-49BB-BE66-F4AC507C16D4}"
EndProject
Project("{FAE04EC0-301F-11D3-BF4B-00C04F79EFBC}") = "ThosoImageWpf", "ThosoImageWpf\ThosoImageWpf.csproj", "{023355A3-8C55-49EF-A5A1-D81DEFFE72A2}"
	ProjectSection(ProjectDependencies) = postProject
		{9F6BEE93-C0B6-4A55-88A6-B6DD1CDAEF04} = {9F6BEE93-C0B6-4A55-88A6-B6DD1CDAEF04}
	EndProjectSection
EndProject
Project("{9A19103F-16F7-4668-BE54-9A1E7A4F7556}") = "ThosoImageMeta", "ThosoImageMeta\ThosoImageMeta.csproj", "{81D24CC1-C7A7-4373-AFA9-97E9866E47EB}"
EndProject
Project("{2150E333-8FDC-42A3-9474-1A3956D46DE8}") = "02_PrismDropNavigation", "02_PrismDropNavigation", "{9713E667-DF9F-4D1E-8A5C-ECEF14863F75}"
	ProjectSection(SolutionItems) = preProject
		02_PrismDropNavigation\README.md = 02_PrismDropNavigation\README.md
	EndProjectSection
EndProject
Project("{FAE04EC0-301F-11D3-BF4B-00C04F79EFBC}") = "PrismDropNavigation", "02_PrismDropNavigation\PrismDropNavigation\PrismDropNavigation.csproj", "{8FC0DD5F-AFBE-4BB7-B34E-7301A5263FDF}"
EndProject
Project("{FAE04EC0-301F-11D3-BF4B-00C04F79EFBC}") = "PrismDropNavigation.TabItem", "02_PrismDropNavigation\PrismDropNavigation.TabItem\PrismDropNavigation.TabItem.csproj", "{D2DF1575-195D-459F-A971-2B6CCD736A54}"
EndProject
Project("{FAE04EC0-301F-11D3-BF4B-00C04F79EFBC}") = "ImagePixels", "01_Pixels\ImagePixels\ImagePixels.csproj", "{BB116C6B-8CFF-4204-B19F-5541AB534883}"
EndProject
Project("{2150E333-8FDC-42A3-9474-1A3956D46DE8}") = "03_PrismDispose", "03_PrismDispose", "{C00BE112-5E98-4DC6-BE64-38A99768657B}"
	ProjectSection(SolutionItems) = preProject
		03_PrismDispose\README.md = 03_PrismDispose\README.md
	EndProjectSection
EndProject
Project("{FAE04EC0-301F-11D3-BF4B-00C04F79EFBC}") = "PrismDispose", "03_PrismDispose\PrismDispose\PrismDispose.csproj", "{C23475E0-C8C5-4050-B110-3E2C36DC671B}"
EndProject
Project("{2150E333-8FDC-42A3-9474-1A3956D46DE8}") = "04_OxyPlotInspector", "04_OxyPlotInspector", "{B22E481F-4809-4157-B1C6-E4D5C92F102E}"
	ProjectSection(SolutionItems) = preProject
		04_OxyPlotInspector\README.md = 04_OxyPlotInspector\README.md
	EndProjectSection
EndProject
Project("{FAE04EC0-301F-11D3-BF4B-00C04F79EFBC}") = "OxyPlotInspector", "04_OxyPlotInspector\OxyPlotInspector\OxyPlotInspector.csproj", "{915DB971-5FA0-49FE-8263-B794C0C8D086}"
EndProject
Project("{2150E333-8FDC-42A3-9474-1A3956D46DE8}") = "05_SwitchContext", "05_SwitchContext", "{4C07A31C-DF2C-48D8-8187-A4B7713FCD83}"
	ProjectSection(SolutionItems) = preProject
		05_SwitchContext\README.md = 05_SwitchContext\README.md
	EndProjectSection
EndProject
Project("{FAE04EC0-301F-11D3-BF4B-00C04F79EFBC}") = "SwitchContext", "05_SwitchContext\SwitchContext\SwitchContext.csproj", "{3C612907-87DF-4A63-B82B-E45B775AA81C}"
EndProject
Project("{FAE04EC0-301F-11D3-BF4B-00C04F79EFBC}") = "SwitchContext2", "05_SwitchContext\SwitchContext2\SwitchContext2.csproj", "{C4D1B145-3ECD-4172-A868-69D761765577}"
EndProject
Project("{2150E333-8FDC-42A3-9474-1A3956D46DE8}") = "06_Virtualization", "06_Virtualization", "{7AD69598-D52B-46E9-A20A-9F10E926A411}"
	ProjectSection(SolutionItems) = preProject
		06_Virtualization\README.md = 06_Virtualization\README.md
	EndProjectSection
EndProject
Project("{FAE04EC0-301F-11D3-BF4B-00C04F79EFBC}") = "DataVirtualization", "06_Virtualization\DataVirtualization\DataVirtualization.csproj", "{FE37F2AF-95C2-4EB7-A0F7-E47FE04C1F89}"
EndProject
Project("{FAE04EC0-301F-11D3-BF4B-00C04F79EFBC}") = "VirtualizationListItems", "06_Virtualization\VirtualizationListItems\VirtualizationListItems.csproj", "{E16F1F67-A9F5-48D2-9DD1-8D35679BFA21}"
EndProject
Project("{2150E333-8FDC-42A3-9474-1A3956D46DE8}") = "07_WindowTheme", "07_WindowTheme", "{7EABD057-3F8A-4BE0-AA97-696D693A1062}"
	ProjectSection(SolutionItems) = preProject
		07_WindowTheme\README.md = 07_WindowTheme\README.md
	EndProjectSection
EndProject
Project("{FAE04EC0-301F-11D3-BF4B-00C04F79EFBC}") = "MetroRadianceWindow", "07_WindowTheme\MetroRadianceWindow\MetroRadianceWindow.csproj", "{89EEC3BB-F1FA-48CD-AD42-27A7C4C7FC7C}"
EndProject
Project("{FAE04EC0-301F-11D3-BF4B-00C04F79EFBC}") = "WindowChrome", "07_WindowTheme\WindowChrome\WindowChrome.csproj", "{5E3D91AE-174E-443F-A79D-D4E351C0E276}"
EndProject
Project("{2150E333-8FDC-42A3-9474-1A3956D46DE8}") = "08_ImageFunctions", "08_ImageFunctions", "{EE2D4033-3CAB-4458-9EB2-E0C62C22E8B3}"
	ProjectSection(SolutionItems) = preProject
		08_ImageFunctions\README.md = 08_ImageFunctions\README.md
	EndProjectSection
EndProject
Project("{FAE04EC0-301F-11D3-BF4B-00C04F79EFBC}") = "BlinkHilight", "08_ImageFunctions\BlinkHilight\BlinkHilight.csproj", "{7B713755-5F56-4AE4-817E-E59C4C5897BE}"
EndProject
Project("{FAE04EC0-301F-11D3-BF4B-00C04F79EFBC}") = "ZoomThumb", "08_ImageFunctions\ZoomThumb\ZoomThumb.csproj", "{79560E32-9EE9-43C1-B730-43EA1B3AEC03}"
EndProject
Project("{FAE04EC0-301F-11D3-BF4B-00C04F79EFBC}") = "ZoomThumbCodeBehind2", "08_ImageFunctions\ZoomThumbCodeBehind2\ZoomThumbCodeBehind2.csproj", "{A4C71FD7-EFAC-4C91-9B9D-C22BE3B7442E}"
EndProject
Project("{9A19103F-16F7-4668-BE54-9A1E7A4F7556}") = "ImagePixelReadTournament", "01_Pixels\ImagePixelReadTournament\ImagePixelReadTournament.csproj", "{85E3FF60-A69E-4958-805E-71C2B2E3D537}"
EndProject
Project("{2150E333-8FDC-42A3-9474-1A3956D46DE8}") = "09_WPFGraphs", "09_WPFGraphs", "{24128E26-29A6-455F-8C4D-8417D44BF0E3}"
	ProjectSection(SolutionItems) = preProject
		09_WPFGraphs\README.md = 09_WPFGraphs\README.md
	EndProjectSection
EndProject
Project("{FAE04EC0-301F-11D3-BF4B-00C04F79EFBC}") = "Graph2D", "09_WPFGraphs\Graph2D\Graph2D.csproj", "{E106C34E-0F71-4647-A895-9B6449EE7884}"
EndProject
Project("{FAE04EC0-301F-11D3-BF4B-00C04F79EFBC}") = "Graph2D_2", "09_WPFGraphs\Graph2D_2\Graph2D_2.csproj", "{E630E4F1-A758-4F53-AACD-B872D01D719E}"
EndProject
Project("{FAE04EC0-301F-11D3-BF4B-00C04F79EFBC}") = "Graph2D_3", "09_WPFGraphs\Graph2D_3\Graph2D_3.csproj", "{A53BFB57-D476-4DA4-A495-1A698790502E}"
EndProject
Project("{FAE04EC0-301F-11D3-BF4B-00C04F79EFBC}") = "ZoomThumbInterlocking2", "08_ImageFunctions\ZoomThumbInterlocking2\ZoomThumbInterlocking2.csproj", "{A13499C1-298E-42BD-8211-4814904B5AE3}"
EndProject
Project("{2150E333-8FDC-42A3-9474-1A3956D46DE8}") = "10_ImageMeta", "10_ImageMeta", "{53528954-37BC-4330-AC9A-588BB94BB521}"
EndProject
Project("{9A19103F-16F7-4668-BE54-9A1E7A4F7556}") = "ImageMetaExtractor", "10_ImageMeta\ImageMetaExtractor\ImageMetaExtractor.csproj", "{0ED4FF37-3F46-45F8-9E4E-BDDE29F22B26}"
EndProject
Project("{9A19103F-16F7-4668-BE54-9A1E7A4F7556}") = "ImageMetaExtractorTester", "10_ImageMeta\ImageMetaExtractorTester\ImageMetaExtractorTester.csproj", "{B4D7D261-D78A-4161-90DA-25567E6D710A}"
EndProject
Project("{FAE04EC0-301F-11D3-BF4B-00C04F79EFBC}") = "ImageMetaExtractorApp", "ImageMetaExtractorApp\ImageMetaExtractorApp.csproj", "{DADDCF78-77DA-4C49-B19B-0D82A531DF71}"
EndProject
Global
	GlobalSection(SolutionConfigurationPlatforms) = preSolution
		Debug|Any CPU = Debug|Any CPU
		Release|Any CPU = Release|Any CPU
	EndGlobalSection
	GlobalSection(ProjectConfigurationPlatforms) = postSolution
		{9F6BEE93-C0B6-4A55-88A6-B6DD1CDAEF04}.Debug|Any CPU.ActiveCfg = Debug|Any CPU
		{9F6BEE93-C0B6-4A55-88A6-B6DD1CDAEF04}.Debug|Any CPU.Build.0 = Debug|Any CPU
		{9F6BEE93-C0B6-4A55-88A6-B6DD1CDAEF04}.Release|Any CPU.ActiveCfg = Release|Any CPU
		{9F6BEE93-C0B6-4A55-88A6-B6DD1CDAEF04}.Release|Any CPU.Build.0 = Release|Any CPU
		{4FAB9D38-EB02-49BB-BE66-F4AC507C16D4}.Debug|Any CPU.ActiveCfg = Debug|Any CPU
		{4FAB9D38-EB02-49BB-BE66-F4AC507C16D4}.Release|Any CPU.ActiveCfg = Release|Any CPU
		{4FAB9D38-EB02-49BB-BE66-F4AC507C16D4}.Release|Any CPU.Build.0 = Release|Any CPU
		{023355A3-8C55-49EF-A5A1-D81DEFFE72A2}.Debug|Any CPU.ActiveCfg = Debug|Any CPU
		{023355A3-8C55-49EF-A5A1-D81DEFFE72A2}.Debug|Any CPU.Build.0 = Debug|Any CPU
		{023355A3-8C55-49EF-A5A1-D81DEFFE72A2}.Release|Any CPU.ActiveCfg = Release|Any CPU
		{023355A3-8C55-49EF-A5A1-D81DEFFE72A2}.Release|Any CPU.Build.0 = Release|Any CPU
		{81D24CC1-C7A7-4373-AFA9-97E9866E47EB}.Debug|Any CPU.ActiveCfg = Debug|Any CPU
		{81D24CC1-C7A7-4373-AFA9-97E9866E47EB}.Debug|Any CPU.Build.0 = Debug|Any CPU
		{81D24CC1-C7A7-4373-AFA9-97E9866E47EB}.Release|Any CPU.ActiveCfg = Release|Any CPU
		{81D24CC1-C7A7-4373-AFA9-97E9866E47EB}.Release|Any CPU.Build.0 = Release|Any CPU
		{8FC0DD5F-AFBE-4BB7-B34E-7301A5263FDF}.Debug|Any CPU.ActiveCfg = Debug|Any CPU
		{8FC0DD5F-AFBE-4BB7-B34E-7301A5263FDF}.Debug|Any CPU.Build.0 = Debug|Any CPU
		{8FC0DD5F-AFBE-4BB7-B34E-7301A5263FDF}.Release|Any CPU.ActiveCfg = Release|Any CPU
		{8FC0DD5F-AFBE-4BB7-B34E-7301A5263FDF}.Release|Any CPU.Build.0 = Release|Any CPU
		{D2DF1575-195D-459F-A971-2B6CCD736A54}.Debug|Any CPU.ActiveCfg = Debug|Any CPU
		{D2DF1575-195D-459F-A971-2B6CCD736A54}.Debug|Any CPU.Build.0 = Debug|Any CPU
		{D2DF1575-195D-459F-A971-2B6CCD736A54}.Release|Any CPU.ActiveCfg = Release|Any CPU
		{D2DF1575-195D-459F-A971-2B6CCD736A54}.Release|Any CPU.Build.0 = Release|Any CPU
		{BB116C6B-8CFF-4204-B19F-5541AB534883}.Debug|Any CPU.ActiveCfg = Debug|Any CPU
		{BB116C6B-8CFF-4204-B19F-5541AB534883}.Release|Any CPU.ActiveCfg = Release|Any CPU
		{BB116C6B-8CFF-4204-B19F-5541AB534883}.Release|Any CPU.Build.0 = Release|Any CPU
		{C23475E0-C8C5-4050-B110-3E2C36DC671B}.Debug|Any CPU.ActiveCfg = Debug|Any CPU
		{C23475E0-C8C5-4050-B110-3E2C36DC671B}.Release|Any CPU.ActiveCfg = Release|Any CPU
		{C23475E0-C8C5-4050-B110-3E2C36DC671B}.Release|Any CPU.Build.0 = Release|Any CPU
		{915DB971-5FA0-49FE-8263-B794C0C8D086}.Debug|Any CPU.ActiveCfg = Debug|Any CPU
		{915DB971-5FA0-49FE-8263-B794C0C8D086}.Debug|Any CPU.Build.0 = Debug|Any CPU
		{915DB971-5FA0-49FE-8263-B794C0C8D086}.Release|Any CPU.ActiveCfg = Release|Any CPU
		{915DB971-5FA0-49FE-8263-B794C0C8D086}.Release|Any CPU.Build.0 = Release|Any CPU
		{3C612907-87DF-4A63-B82B-E45B775AA81C}.Debug|Any CPU.ActiveCfg = Debug|Any CPU
		{3C612907-87DF-4A63-B82B-E45B775AA81C}.Release|Any CPU.ActiveCfg = Release|Any CPU
		{3C612907-87DF-4A63-B82B-E45B775AA81C}.Release|Any CPU.Build.0 = Release|Any CPU
		{C4D1B145-3ECD-4172-A868-69D761765577}.Debug|Any CPU.ActiveCfg = Debug|Any CPU
		{C4D1B145-3ECD-4172-A868-69D761765577}.Debug|Any CPU.Build.0 = Debug|Any CPU
		{C4D1B145-3ECD-4172-A868-69D761765577}.Release|Any CPU.ActiveCfg = Release|Any CPU
		{C4D1B145-3ECD-4172-A868-69D761765577}.Release|Any CPU.Build.0 = Release|Any CPU
		{FE37F2AF-95C2-4EB7-A0F7-E47FE04C1F89}.Debug|Any CPU.ActiveCfg = Debug|Any CPU
		{FE37F2AF-95C2-4EB7-A0F7-E47FE04C1F89}.Release|Any CPU.ActiveCfg = Release|Any CPU
		{FE37F2AF-95C2-4EB7-A0F7-E47FE04C1F89}.Release|Any CPU.Build.0 = Release|Any CPU
		{E16F1F67-A9F5-48D2-9DD1-8D35679BFA21}.Debug|Any CPU.ActiveCfg = Debug|Any CPU
		{E16F1F67-A9F5-48D2-9DD1-8D35679BFA21}.Debug|Any CPU.Build.0 = Debug|Any CPU
		{E16F1F67-A9F5-48D2-9DD1-8D35679BFA21}.Release|Any CPU.ActiveCfg = Release|Any CPU
		{E16F1F67-A9F5-48D2-9DD1-8D35679BFA21}.Release|Any CPU.Build.0 = Release|Any CPU
		{89EEC3BB-F1FA-48CD-AD42-27A7C4C7FC7C}.Debug|Any CPU.ActiveCfg = Debug|Any CPU
		{89EEC3BB-F1FA-48CD-AD42-27A7C4C7FC7C}.Debug|Any CPU.Build.0 = Debug|Any CPU
		{89EEC3BB-F1FA-48CD-AD42-27A7C4C7FC7C}.Release|Any CPU.ActiveCfg = Release|Any CPU
		{89EEC3BB-F1FA-48CD-AD42-27A7C4C7FC7C}.Release|Any CPU.Build.0 = Release|Any CPU
		{5E3D91AE-174E-443F-A79D-D4E351C0E276}.Debug|Any CPU.ActiveCfg = Debug|Any CPU
		{5E3D91AE-174E-443F-A79D-D4E351C0E276}.Debug|Any CPU.Build.0 = Debug|Any CPU
		{5E3D91AE-174E-443F-A79D-D4E351C0E276}.Release|Any CPU.ActiveCfg = Release|Any CPU
		{5E3D91AE-174E-443F-A79D-D4E351C0E276}.Release|Any CPU.Build.0 = Release|Any CPU
		{7B713755-5F56-4AE4-817E-E59C4C5897BE}.Debug|Any CPU.ActiveCfg = Debug|Any CPU
		{7B713755-5F56-4AE4-817E-E59C4C5897BE}.Release|Any CPU.ActiveCfg = Release|Any CPU
		{7B713755-5F56-4AE4-817E-E59C4C5897BE}.Release|Any CPU.Build.0 = Release|Any CPU
		{79560E32-9EE9-43C1-B730-43EA1B3AEC03}.Debug|Any CPU.ActiveCfg = Debug|Any CPU
		{79560E32-9EE9-43C1-B730-43EA1B3AEC03}.Release|Any CPU.ActiveCfg = Release|Any CPU
		{79560E32-9EE9-43C1-B730-43EA1B3AEC03}.Release|Any CPU.Build.0 = Release|Any CPU
		{A4C71FD7-EFAC-4C91-9B9D-C22BE3B7442E}.Debug|Any CPU.ActiveCfg = Debug|Any CPU
		{A4C71FD7-EFAC-4C91-9B9D-C22BE3B7442E}.Debug|Any CPU.Build.0 = Debug|Any CPU
		{A4C71FD7-EFAC-4C91-9B9D-C22BE3B7442E}.Release|Any CPU.ActiveCfg = Release|Any CPU
		{A4C71FD7-EFAC-4C91-9B9D-C22BE3B7442E}.Release|Any CPU.Build.0 = Release|Any CPU
		{85E3FF60-A69E-4958-805E-71C2B2E3D537}.Debug|Any CPU.ActiveCfg = Debug|Any CPU
		{85E3FF60-A69E-4958-805E-71C2B2E3D537}.Release|Any CPU.ActiveCfg = Release|Any CPU
		{85E3FF60-A69E-4958-805E-71C2B2E3D537}.Release|Any CPU.Build.0 = Release|Any CPU
		{E106C34E-0F71-4647-A895-9B6449EE7884}.Debug|Any CPU.ActiveCfg = Debug|Any CPU
		{E106C34E-0F71-4647-A895-9B6449EE7884}.Debug|Any CPU.Build.0 = Debug|Any CPU
		{E106C34E-0F71-4647-A895-9B6449EE7884}.Release|Any CPU.ActiveCfg = Release|Any CPU
		{E106C34E-0F71-4647-A895-9B6449EE7884}.Release|Any CPU.Build.0 = Release|Any CPU
		{E630E4F1-A758-4F53-AACD-B872D01D719E}.Debug|Any CPU.ActiveCfg = Debug|Any CPU
		{E630E4F1-A758-4F53-AACD-B872D01D719E}.Debug|Any CPU.Build.0 = Debug|Any CPU
		{E630E4F1-A758-4F53-AACD-B872D01D719E}.Release|Any CPU.ActiveCfg = Release|Any CPU
		{E630E4F1-A758-4F53-AACD-B872D01D719E}.Release|Any CPU.Build.0 = Release|Any CPU
		{A53BFB57-D476-4DA4-A495-1A698790502E}.Debug|Any CPU.ActiveCfg = Debug|Any CPU
		{A53BFB57-D476-4DA4-A495-1A698790502E}.Debug|Any CPU.Build.0 = Debug|Any CPU
		{A53BFB57-D476-4DA4-A495-1A698790502E}.Release|Any CPU.ActiveCfg = Release|Any CPU
		{A53BFB57-D476-4DA4-A495-1A698790502E}.Release|Any CPU.Build.0 = Release|Any CPU
		{A13499C1-298E-42BD-8211-4814904B5AE3}.Debug|Any CPU.ActiveCfg = Debug|Any CPU
		{A13499C1-298E-42BD-8211-4814904B5AE3}.Debug|Any CPU.Build.0 = Debug|Any CPU
		{A13499C1-298E-42BD-8211-4814904B5AE3}.Release|Any CPU.ActiveCfg = Release|Any CPU
		{A13499C1-298E-42BD-8211-4814904B5AE3}.Release|Any CPU.Build.0 = Release|Any CPU
		{0ED4FF37-3F46-45F8-9E4E-BDDE29F22B26}.Debug|Any CPU.ActiveCfg = Debug|Any CPU
		{0ED4FF37-3F46-45F8-9E4E-BDDE29F22B26}.Debug|Any CPU.Build.0 = Debug|Any CPU
		{0ED4FF37-3F46-45F8-9E4E-BDDE29F22B26}.Release|Any CPU.ActiveCfg = Release|Any CPU
		{0ED4FF37-3F46-45F8-9E4E-BDDE29F22B26}.Release|Any CPU.Build.0 = Release|Any CPU
		{B4D7D261-D78A-4161-90DA-25567E6D710A}.Debug|Any CPU.ActiveCfg = Debug|Any CPU
		{B4D7D261-D78A-4161-90DA-25567E6D710A}.Debug|Any CPU.Build.0 = Debug|Any CPU
		{B4D7D261-D78A-4161-90DA-25567E6D710A}.Release|Any CPU.ActiveCfg = Release|Any CPU
		{B4D7D261-D78A-4161-90DA-25567E6D710A}.Release|Any CPU.Build.0 = Release|Any CPU
		{DADDCF78-77DA-4C49-B19B-0D82A531DF71}.Debug|Any CPU.ActiveCfg = Debug|Any CPU
		{DADDCF78-77DA-4C49-B19B-0D82A531DF71}.Debug|Any CPU.Build.0 = Debug|Any CPU
		{DADDCF78-77DA-4C49-B19B-0D82A531DF71}.Release|Any CPU.ActiveCfg = Release|Any CPU
		{DADDCF78-77DA-4C49-B19B-0D82A531DF71}.Release|Any CPU.Build.0 = Release|Any CPU
	EndGlobalSection
	GlobalSection(SolutionProperties) = preSolution
		HideSolutionNode = FALSE
	EndGlobalSection
	GlobalSection(NestedProjects) = preSolution
		{8FC0DD5F-AFBE-4BB7-B34E-7301A5263FDF} = {9713E667-DF9F-4D1E-8A5C-ECEF14863F75}
		{D2DF1575-195D-459F-A971-2B6CCD736A54} = {9713E667-DF9F-4D1E-8A5C-ECEF14863F75}
		{BB116C6B-8CFF-4204-B19F-5541AB534883} = {5BACA4D2-50DD-404A-840F-A674314E3242}
		{C23475E0-C8C5-4050-B110-3E2C36DC671B} = {C00BE112-5E98-4DC6-BE64-38A99768657B}
		{915DB971-5FA0-49FE-8263-B794C0C8D086} = {B22E481F-4809-4157-B1C6-E4D5C92F102E}
		{3C612907-87DF-4A63-B82B-E45B775AA81C} = {4C07A31C-DF2C-48D8-8187-A4B7713FCD83}
		{C4D1B145-3ECD-4172-A868-69D761765577} = {4C07A31C-DF2C-48D8-8187-A4B7713FCD83}
		{FE37F2AF-95C2-4EB7-A0F7-E47FE04C1F89} = {7AD69598-D52B-46E9-A20A-9F10E926A411}
		{E16F1F67-A9F5-48D2-9DD1-8D35679BFA21} = {7AD69598-D52B-46E9-A20A-9F10E926A411}
		{89EEC3BB-F1FA-48CD-AD42-27A7C4C7FC7C} = {7EABD057-3F8A-4BE0-AA97-696D693A1062}
		{5E3D91AE-174E-443F-A79D-D4E351C0E276} = {7EABD057-3F8A-4BE0-AA97-696D693A1062}
		{7B713755-5F56-4AE4-817E-E59C4C5897BE} = {EE2D4033-3CAB-4458-9EB2-E0C62C22E8B3}
		{79560E32-9EE9-43C1-B730-43EA1B3AEC03} = {EE2D4033-3CAB-4458-9EB2-E0C62C22E8B3}
		{A4C71FD7-EFAC-4C91-9B9D-C22BE3B7442E} = {EE2D4033-3CAB-4458-9EB2-E0C62C22E8B3}
		{85E3FF60-A69E-4958-805E-71C2B2E3D537} = {5BACA4D2-50DD-404A-840F-A674314E3242}
		{E106C34E-0F71-4647-A895-9B6449EE7884} = {24128E26-29A6-455F-8C4D-8417D44BF0E3}
		{E630E4F1-A758-4F53-AACD-B872D01D719E} = {24128E26-29A6-455F-8C4D-8417D44BF0E3}
		{A53BFB57-D476-4DA4-A495-1A698790502E} = {24128E26-29A6-455F-8C4D-8417D44BF0E3}
		{A13499C1-298E-42BD-8211-4814904B5AE3} = {EE2D4033-3CAB-4458-9EB2-E0C62C22E8B3}
		{0ED4FF37-3F46-45F8-9E4E-BDDE29F22B26} = {53528954-37BC-4330-AC9A-588BB94BB521}
		{B4D7D261-D78A-4161-90DA-25567E6D710A} = {53528954-37BC-4330-AC9A-588BB94BB521}
		{DADDCF78-77DA-4C49-B19B-0D82A531DF71} = {53528954-37BC-4330-AC9A-588BB94BB521}
	EndGlobalSection
	GlobalSection(ExtensibilityGlobals) = postSolution
		SolutionGuid = {A747267B-7393-4543-A070-7F5EC5AA9AB6}
	EndGlobalSection
EndGlobal
